
Microsoft Visual Studio Solution File, Format Version 12.00
# Visual Studio 15
VisualStudioVersion = 15.0.28010.2050
MinimumVisualStudioVersion = 10.0.40219.1
Project("{9A19103F-16F7-4668-BE54-9A1E7A4F7556}") = "SnakeGame", "SnakeGame\SnakeGame.csproj", "{AE20D27D-8200-4A4E-9B51-0E23B8DDD88C}"
EndProject
Project("{2150E333-8FDC-42A3-9474-1A3956D46DE8}") = "tests", "tests", "{DA3688ED-F24D-474C-B06F-EE13EE814A80}"
EndProject
Project("{FAE04EC0-301F-11D3-BF4B-00C04F79EFBC}") = "DiceProvider", "DiceProvider\DiceProvider.csproj", "{7D99D7CC-57BC-4D99-8B03-D44AF195B3D4}"
EndProject
Project("{FAE04EC0-301F-11D3-BF4B-00C04F79EFBC}") = "DiceProviderTests", "DiceProviderTests\DiceProviderTests.csproj", "{95602C5B-9128-4539-8066-B952D30A8404}"
EndProject
Project("{FAE04EC0-301F-11D3-BF4B-00C04F79EFBC}") = "TokenProvider", "TokenProvider\TokenProvider.csproj", "{FF6FDA21-206B-45AF-A450-DF0283BCF99E}"
EndProject
Project("{FAE04EC0-301F-11D3-BF4B-00C04F79EFBC}") = "BoardProvider", "BoardProvider\BoardProvider.csproj", "{6534441F-54B0-4161-BE63-E3E77531A6F3}"
EndProject
Project("{FAE04EC0-301F-11D3-BF4B-00C04F79EFBC}") = "AcceptanceTests", "AcceptanceTests\AcceptanceTests.csproj", "{5CAF8700-F86C-407A-A32E-708565788425}"
EndProject
Project("{FAE04EC0-301F-11D3-BF4B-00C04F79EFBC}") = "TokenProviderTests", "TokenProviderTests\TokenProviderTests.csproj", "{F906636F-0FC1-4024-BAFA-5F2D0914C9C6}"
EndProject
Global
	GlobalSection(SolutionConfigurationPlatforms) = preSolution
		Debug|Any CPU = Debug|Any CPU
		Release|Any CPU = Release|Any CPU
	EndGlobalSection
	GlobalSection(ProjectConfigurationPlatforms) = postSolution
		{AE20D27D-8200-4A4E-9B51-0E23B8DDD88C}.Debug|Any CPU.ActiveCfg = Debug|Any CPU
		{AE20D27D-8200-4A4E-9B51-0E23B8DDD88C}.Debug|Any CPU.Build.0 = Debug|Any CPU
		{AE20D27D-8200-4A4E-9B51-0E23B8DDD88C}.Release|Any CPU.ActiveCfg = Release|Any CPU
		{AE20D27D-8200-4A4E-9B51-0E23B8DDD88C}.Release|Any CPU.Build.0 = Release|Any CPU
		{7D99D7CC-57BC-4D99-8B03-D44AF195B3D4}.Debug|Any CPU.ActiveCfg = Debug|Any CPU
		{7D99D7CC-57BC-4D99-8B03-D44AF195B3D4}.Debug|Any CPU.Build.0 = Debug|Any CPU
		{7D99D7CC-57BC-4D99-8B03-D44AF195B3D4}.Release|Any CPU.ActiveCfg = Release|Any CPU
		{7D99D7CC-57BC-4D99-8B03-D44AF195B3D4}.Release|Any CPU.Build.0 = Release|Any CPU
		{95602C5B-9128-4539-8066-B952D30A8404}.Debug|Any CPU.ActiveCfg = Debug|Any CPU
		{95602C5B-9128-4539-8066-B952D30A8404}.Debug|Any CPU.Build.0 = Debug|Any CPU
		{95602C5B-9128-4539-8066-B952D30A8404}.Release|Any CPU.ActiveCfg = Release|Any CPU
		{95602C5B-9128-4539-8066-B952D30A8404}.Release|Any CPU.Build.0 = Release|Any CPU
		{FF6FDA21-206B-45AF-A450-DF0283BCF99E}.Debug|Any CPU.ActiveCfg = Debug|Any CPU
		{FF6FDA21-206B-45AF-A450-DF0283BCF99E}.Debug|Any CPU.Build.0 = Debug|Any CPU
		{FF6FDA21-206B-45AF-A450-DF0283BCF99E}.Release|Any CPU.ActiveCfg = Release|Any CPU
		{FF6FDA21-206B-45AF-A450-DF0283BCF99E}.Release|Any CPU.Build.0 = Release|Any CPU
		{6534441F-54B0-4161-BE63-E3E77531A6F3}.Debug|Any CPU.ActiveCfg = Debug|Any CPU
		{6534441F-54B0-4161-BE63-E3E77531A6F3}.Debug|Any CPU.Build.0 = Debug|Any CPU
		{6534441F-54B0-4161-BE63-E3E77531A6F3}.Release|Any CPU.ActiveCfg = Release|Any CPU
		{6534441F-54B0-4161-BE63-E3E77531A6F3}.Release|Any CPU.Build.0 = Release|Any CPU
		{5CAF8700-F86C-407A-A32E-708565788425}.Debug|Any CPU.ActiveCfg = Debug|Any CPU
		{5CAF8700-F86C-407A-A32E-708565788425}.Debug|Any CPU.Build.0 = Debug|Any CPU
		{5CAF8700-F86C-407A-A32E-708565788425}.Release|Any CPU.ActiveCfg = Release|Any CPU
		{5CAF8700-F86C-407A-A32E-708565788425}.Release|Any CPU.Build.0 = Release|Any CPU
		{F906636F-0FC1-4024-BAFA-5F2D0914C9C6}.Debug|Any CPU.ActiveCfg = Debug|Any CPU
		{F906636F-0FC1-4024-BAFA-5F2D0914C9C6}.Debug|Any CPU.Build.0 = Debug|Any CPU
		{F906636F-0FC1-4024-BAFA-5F2D0914C9C6}.Release|Any CPU.ActiveCfg = Release|Any CPU
		{F906636F-0FC1-4024-BAFA-5F2D0914C9C6}.Release|Any CPU.Build.0 = Release|Any CPU
	EndGlobalSection
	GlobalSection(SolutionProperties) = preSolution
		HideSolutionNode = FALSE
	EndGlobalSection
	GlobalSection(NestedProjects) = preSolution
		{95602C5B-9128-4539-8066-B952D30A8404} = {DA3688ED-F24D-474C-B06F-EE13EE814A80}
		{5CAF8700-F86C-407A-A32E-708565788425} = {DA3688ED-F24D-474C-B06F-EE13EE814A80}
		{F906636F-0FC1-4024-BAFA-5F2D0914C9C6} = {DA3688ED-F24D-474C-B06F-EE13EE814A80}
	EndGlobalSection
	GlobalSection(ExtensibilityGlobals) = postSolution
		SolutionGuid = {77D66170-8B7E-4AAB-B71F-D1B6DA1B3F92}
	EndGlobalSection
EndGlobal
